
Microsoft Visual Studio Solution File, Format Version 12.00
# Visual Studio 15
VisualStudioVersion = 15.0.27004.2010
MinimumVisualStudioVersion = 10.0.40219.1
Project("{FAE04EC0-301F-11D3-BF4B-00C04F79EFBC}") = "Aoc2017", "Aoc2017\Aoc2017.csproj", "{2897C69F-34E4-4F4E-ABB1-5533E6F7B239}"
EndProject
Project("{FAE04EC0-301F-11D3-BF4B-00C04F79EFBC}") = "Aoc2017.Tests", "Aoc2017.Tests\Aoc2017.Tests.csproj", "{30E66712-D30E-4F55-8877-BFE637727F45}"
EndProject
Global
	GlobalSection(SolutionConfigurationPlatforms) = preSolution
		Debug|Any CPU = Debug|Any CPU
		Release|Any CPU = Release|Any CPU
	EndGlobalSection
	GlobalSection(ProjectConfigurationPlatforms) = postSolution
		{2897C69F-34E4-4F4E-ABB1-5533E6F7B239}.Debug|Any CPU.ActiveCfg = Debug|Any CPU
		{2897C69F-34E4-4F4E-ABB1-5533E6F7B239}.Debug|Any CPU.Build.0 = Debug|Any CPU
		{2897C69F-34E4-4F4E-ABB1-5533E6F7B239}.Release|Any CPU.ActiveCfg = Release|Any CPU
		{2897C69F-34E4-4F4E-ABB1-5533E6F7B239}.Release|Any CPU.Build.0 = Release|Any CPU
		{30E66712-D30E-4F55-8877-BFE637727F45}.Debug|Any CPU.ActiveCfg = Debug|Any CPU
		{30E66712-D30E-4F55-8877-BFE637727F45}.Debug|Any CPU.Build.0 = Debug|Any CPU
		{30E66712-D30E-4F55-8877-BFE637727F45}.Release|Any CPU.ActiveCfg = Release|Any CPU
		{30E66712-D30E-4F55-8877-BFE637727F45}.Release|Any CPU.Build.0 = Release|Any CPU
	EndGlobalSection
	GlobalSection(SolutionProperties) = preSolution
		HideSolutionNode = FALSE
	EndGlobalSection
	GlobalSection(ExtensibilityGlobals) = postSolution
		SolutionGuid = {5B050527-4057-4B47-92A0-EF2A4236F9EA}
	EndGlobalSection
EndGlobal
