
Microsoft Visual Studio Solution File, Format Version 12.00
# Visual Studio 15
VisualStudioVersion = 15.0.27004.2010
MinimumVisualStudioVersion = 10.0.40219.1
Project("{FAE04EC0-301F-11D3-BF4B-00C04F79EFBC}") = "Aoc2017", "Aoc2017\Aoc2017.csproj", "{2897C69F-34E4-4F4E-ABB1-5533E6F7B239}"
EndProject
Project("{FAE04EC0-301F-11D3-BF4B-00C04F79EFBC}") = "Aoc2017.Tests", "Aoc2017.Tests\Aoc2017.Tests.csproj", "{30E66712-D30E-4F55-8877-BFE637727F45}"
EndProject
Project("{FAE04EC0-301F-11D3-BF4B-00C04F79EFBC}") = "AocDay7", "AocDay7\AocDay7.csproj", "{736E77C4-18A1-4F89-AF99-A862AF26A6F1}"
EndProject
Project("{2150E333-8FDC-42A3-9474-1A3956D46DE8}") = "Solution Items", "Solution Items", "{7DC106A6-400E-4A94-A4C7-9495A7AA9E82}"
	ProjectSection(SolutionItems) = preProject
		..\README.md = ..\README.md
	EndProjectSection
EndProject
Project("{FAE04EC0-301F-11D3-BF4B-00C04F79EFBC}") = "Aoc2017Console", "Aoc2017Console\Aoc2017Console.csproj", "{039A9019-70E0-4800-B159-3BCECD156766}"
EndProject
Global
	GlobalSection(SolutionConfigurationPlatforms) = preSolution
		Debug|Any CPU = Debug|Any CPU
		Release|Any CPU = Release|Any CPU
	EndGlobalSection
	GlobalSection(ProjectConfigurationPlatforms) = postSolution
		{2897C69F-34E4-4F4E-ABB1-5533E6F7B239}.Debug|Any CPU.ActiveCfg = Debug|Any CPU
		{2897C69F-34E4-4F4E-ABB1-5533E6F7B239}.Debug|Any CPU.Build.0 = Debug|Any CPU
		{2897C69F-34E4-4F4E-ABB1-5533E6F7B239}.Release|Any CPU.ActiveCfg = Release|Any CPU
		{2897C69F-34E4-4F4E-ABB1-5533E6F7B239}.Release|Any CPU.Build.0 = Release|Any CPU
		{30E66712-D30E-4F55-8877-BFE637727F45}.Debug|Any CPU.ActiveCfg = Debug|Any CPU
		{30E66712-D30E-4F55-8877-BFE637727F45}.Debug|Any CPU.Build.0 = Debug|Any CPU
		{30E66712-D30E-4F55-8877-BFE637727F45}.Release|Any CPU.ActiveCfg = Release|Any CPU
		{30E66712-D30E-4F55-8877-BFE637727F45}.Release|Any CPU.Build.0 = Release|Any CPU
		{736E77C4-18A1-4F89-AF99-A862AF26A6F1}.Debug|Any CPU.ActiveCfg = Debug|Any CPU
		{736E77C4-18A1-4F89-AF99-A862AF26A6F1}.Debug|Any CPU.Build.0 = Debug|Any CPU
		{736E77C4-18A1-4F89-AF99-A862AF26A6F1}.Release|Any CPU.ActiveCfg = Release|Any CPU
		{736E77C4-18A1-4F89-AF99-A862AF26A6F1}.Release|Any CPU.Build.0 = Release|Any CPU
		{039A9019-70E0-4800-B159-3BCECD156766}.Debug|Any CPU.ActiveCfg = Debug|Any CPU
		{039A9019-70E0-4800-B159-3BCECD156766}.Debug|Any CPU.Build.0 = Debug|Any CPU
		{039A9019-70E0-4800-B159-3BCECD156766}.Release|Any CPU.ActiveCfg = Release|Any CPU
		{039A9019-70E0-4800-B159-3BCECD156766}.Release|Any CPU.Build.0 = Release|Any CPU
	EndGlobalSection
	GlobalSection(SolutionProperties) = preSolution
		HideSolutionNode = FALSE
	EndGlobalSection
	GlobalSection(ExtensibilityGlobals) = postSolution
		SolutionGuid = {5B050527-4057-4B47-92A0-EF2A4236F9EA}
	EndGlobalSection
EndGlobal
